
Microsoft Visual Studio Solution File, Format Version 12.00
# Visual Studio 15
Project("{FAE04EC0-301F-11D3-BF4B-00C04F79EFBC}") = "HGTAplicativo.Android", "HGTAplicativo.Android\HGTAplicativo.Android.csproj", "{1210A446-8DFB-4001-87B9-35D12B2473A3}"
EndProject
Project("{FAE04EC0-301F-11D3-BF4B-00C04F79EFBC}") = "HGT.iOS", "HGTAplicativo.iOS\HGT.iOS.csproj", "{89B9953B-85D1-4F07-B3C6-419BC139C43F}"
EndProject
Project("{FAE04EC0-301F-11D3-BF4B-00C04F79EFBC}") = "HGTAplicativo", "HGTAplicativo\HGTAplicativo.csproj", "{AEEEAD70-0366-44E9-831D-84BBF0A5D5F3}"
EndProject
Global
	GlobalSection(SolutionConfigurationPlatforms) = preSolution
		Debug|Any CPU = Debug|Any CPU
		Release|Any CPU = Release|Any CPU
		Debug|iPhoneSimulator = Debug|iPhoneSimulator
		Release|iPhoneSimulator = Release|iPhoneSimulator
		Debug|iPhone = Debug|iPhone
		Release|iPhone = Release|iPhone
	EndGlobalSection
	GlobalSection(ProjectConfigurationPlatforms) = postSolution
		{1210A446-8DFB-4001-87B9-35D12B2473A3}.Debug|Any CPU.ActiveCfg = Debug|Any CPU
		{1210A446-8DFB-4001-87B9-35D12B2473A3}.Debug|Any CPU.Build.0 = Debug|Any CPU
		{1210A446-8DFB-4001-87B9-35D12B2473A3}.Release|Any CPU.ActiveCfg = Release|Any CPU
		{1210A446-8DFB-4001-87B9-35D12B2473A3}.Release|Any CPU.Build.0 = Release|Any CPU
		{1210A446-8DFB-4001-87B9-35D12B2473A3}.Debug|iPhoneSimulator.ActiveCfg = Debug|Any CPU
		{1210A446-8DFB-4001-87B9-35D12B2473A3}.Debug|iPhoneSimulator.Build.0 = Debug|Any CPU
		{1210A446-8DFB-4001-87B9-35D12B2473A3}.Release|iPhoneSimulator.ActiveCfg = Release|Any CPU
		{1210A446-8DFB-4001-87B9-35D12B2473A3}.Release|iPhoneSimulator.Build.0 = Release|Any CPU
		{1210A446-8DFB-4001-87B9-35D12B2473A3}.Debug|iPhone.ActiveCfg = Debug|Any CPU
		{1210A446-8DFB-4001-87B9-35D12B2473A3}.Debug|iPhone.Build.0 = Debug|Any CPU
		{1210A446-8DFB-4001-87B9-35D12B2473A3}.Release|iPhone.ActiveCfg = Release|Any CPU
		{1210A446-8DFB-4001-87B9-35D12B2473A3}.Release|iPhone.Build.0 = Release|Any CPU
		{89B9953B-85D1-4F07-B3C6-419BC139C43F}.Debug|Any CPU.ActiveCfg = Debug|iPhoneSimulator
		{89B9953B-85D1-4F07-B3C6-419BC139C43F}.Debug|Any CPU.Build.0 = Debug|iPhoneSimulator
		{89B9953B-85D1-4F07-B3C6-419BC139C43F}.Release|Any CPU.ActiveCfg = Release|iPhoneSimulator
		{89B9953B-85D1-4F07-B3C6-419BC139C43F}.Release|Any CPU.Build.0 = Release|iPhoneSimulator
		{89B9953B-85D1-4F07-B3C6-419BC139C43F}.Debug|iPhoneSimulator.ActiveCfg = Debug|iPhoneSimulator
		{89B9953B-85D1-4F07-B3C6-419BC139C43F}.Debug|iPhoneSimulator.Build.0 = Debug|iPhoneSimulator
		{89B9953B-85D1-4F07-B3C6-419BC139C43F}.Release|iPhoneSimulator.ActiveCfg = Release|iPhoneSimulator
		{89B9953B-85D1-4F07-B3C6-419BC139C43F}.Release|iPhoneSimulator.Build.0 = Release|iPhoneSimulator
		{89B9953B-85D1-4F07-B3C6-419BC139C43F}.Debug|iPhone.ActiveCfg = Debug|iPhone
		{89B9953B-85D1-4F07-B3C6-419BC139C43F}.Debug|iPhone.Build.0 = Debug|iPhone
		{89B9953B-85D1-4F07-B3C6-419BC139C43F}.Release|iPhone.ActiveCfg = Release|iPhone
		{89B9953B-85D1-4F07-B3C6-419BC139C43F}.Release|iPhone.Build.0 = Release|iPhone
		{AEEEAD70-0366-44E9-831D-84BBF0A5D5F3}.Debug|Any CPU.ActiveCfg = Debug|Any CPU
		{AEEEAD70-0366-44E9-831D-84BBF0A5D5F3}.Debug|Any CPU.Build.0 = Debug|Any CPU
		{AEEEAD70-0366-44E9-831D-84BBF0A5D5F3}.Release|Any CPU.ActiveCfg = Release|Any CPU
		{AEEEAD70-0366-44E9-831D-84BBF0A5D5F3}.Release|Any CPU.Build.0 = Release|Any CPU
		{AEEEAD70-0366-44E9-831D-84BBF0A5D5F3}.Debug|iPhoneSimulator.ActiveCfg = Debug|Any CPU
		{AEEEAD70-0366-44E9-831D-84BBF0A5D5F3}.Debug|iPhoneSimulator.Build.0 = Debug|Any CPU
		{AEEEAD70-0366-44E9-831D-84BBF0A5D5F3}.Release|iPhoneSimulator.ActiveCfg = Release|Any CPU
		{AEEEAD70-0366-44E9-831D-84BBF0A5D5F3}.Release|iPhoneSimulator.Build.0 = Release|Any CPU
		{AEEEAD70-0366-44E9-831D-84BBF0A5D5F3}.Debug|iPhone.ActiveCfg = Debug|Any CPU
		{AEEEAD70-0366-44E9-831D-84BBF0A5D5F3}.Debug|iPhone.Build.0 = Debug|Any CPU
		{AEEEAD70-0366-44E9-831D-84BBF0A5D5F3}.Release|iPhone.ActiveCfg = Release|Any CPU
		{AEEEAD70-0366-44E9-831D-84BBF0A5D5F3}.Release|iPhone.Build.0 = Release|Any CPU
	EndGlobalSection
EndGlobal
